
Microsoft Visual Studio Solution File, Format Version 11.00
# Visual Studio 2010
# SharpDevelop 5.1
Project("{FAE04EC0-301F-11D3-BF4B-00C04F79EFBC}") = "EEWriter", "EEWriter\EEWriter.csproj", "{EDF6A662-CA09-4F00-B012-5366F0C0C919}"
EndProject
Global
	GlobalSection(SolutionConfigurationPlatforms) = preSolution
		Debug|Any CPU = Debug|Any CPU
		Release|Any CPU = Release|Any CPU
	EndGlobalSection
	GlobalSection(ProjectConfigurationPlatforms) = postSolution
		{EDF6A662-CA09-4F00-B012-5366F0C0C919}.Debug|Any CPU.ActiveCfg = Debug|Any CPU
		{EDF6A662-CA09-4F00-B012-5366F0C0C919}.Debug|Any CPU.Build.0 = Debug|Any CPU
		{EDF6A662-CA09-4F00-B012-5366F0C0C919}.Release|Any CPU.ActiveCfg = Release|Any CPU
		{EDF6A662-CA09-4F00-B012-5366F0C0C919}.Release|Any CPU.Build.0 = Release|Any CPU
	EndGlobalSection
EndGlobal
